// !$*UTF8*$!
{
	archiveVersion = 1;
	classes = {
	};
	objectVersion = 52;
	objects = {

/* Begin PBXBuildFile section */
		1120EF90243D294900EB81ED /* GoogleService-Info.plist in Resources */ = {isa = PBXBuildFile; fileRef = 1120EF88243D294900EB81ED /* GoogleService-Info.plist */; };
		1120EF91243D294900EB81ED /* GoogleService-Info.plist in Resources */ = {isa = PBXBuildFile; fileRef = 1120EF88243D294900EB81ED /* GoogleService-Info.plist */; };
		1120EF92243D294900EB81ED /* GoogleService-Info.plist in Resources */ = {isa = PBXBuildFile; fileRef = 1120EF88243D294900EB81ED /* GoogleService-Info.plist */; };
		1120EF96243D5ABA00EB81ED /* LoginViewController.swift in Sources */ = {isa = PBXBuildFile; fileRef = 1120EF95243D5ABA00EB81ED /* LoginViewController.swift */; };
		1120EFAF244106CA00EB81ED /* EnterSocialMedia.swift in Sources */ = {isa = PBXBuildFile; fileRef = 1120EFAE244106CA00EB81ED /* EnterSocialMedia.swift */; };
		1120EFB824416F9B00EB81ED /* SelectSharedMediaCell.swift in Sources */ = {isa = PBXBuildFile; fileRef = 1120EFB724416F9B00EB81ED /* SelectSharedMediaCell.swift */; };
		1120EFBA244170E300EB81ED /* SelectSharedMediaTableViewController.swift in Sources */ = {isa = PBXBuildFile; fileRef = 1120EFB9244170E300EB81ED /* SelectSharedMediaTableViewController.swift */; };
		113E1002226EA51C009AE498 /* ScannedViewController.swift in Sources */ = {isa = PBXBuildFile; fileRef = 113E1001226EA51C009AE498 /* ScannedViewController.swift */; };
		114526FE244B77B000CACF0B /* ViewScannedCell.swift in Sources */ = {isa = PBXBuildFile; fileRef = 114526FD244B77B000CACF0B /* ViewScannedCell.swift */; };
		11452708244C21AA00CACF0B /* LoadScansViewController.swift in Sources */ = {isa = PBXBuildFile; fileRef = 11452707244C21AA00CACF0B /* LoadScansViewController.swift */; };
		11452711244D5F0B00CACF0B /* Scan.swift in Sources */ = {isa = PBXBuildFile; fileRef = 11452710244D5F0A00CACF0B /* Scan.swift */; };
		1145271C24513D3D00CACF0B /* FacebookLogin in Frameworks */ = {isa = PBXBuildFile; productRef = 1145271B24513D3D00CACF0B /* FacebookLogin */; };
		1145271E24513D3D00CACF0B /* FacebookCore in Frameworks */ = {isa = PBXBuildFile; productRef = 1145271D24513D3D00CACF0B /* FacebookCore */; };
		115015042249FC850018646D /* QrScanner.swift in Sources */ = {isa = PBXBuildFile; fileRef = 115015032249FC850018646D /* QrScanner.swift */; };
		118630BB245B94C000D98B32 /* EnterInfoCell.swift in Sources */ = {isa = PBXBuildFile; fileRef = 118630BA245B94C000D98B32 /* EnterInfoCell.swift */; };
		118807D32231DCAD00293143 /* Alamofire.framework in Frameworks */ = {isa = PBXBuildFile; fileRef = 118807C62231DC5700293143 /* Alamofire.framework */; };
		118807D42231DCAD00293143 /* Alamofire.framework in Embed Frameworks */ = {isa = PBXBuildFile; fileRef = 118807C62231DC5700293143 /* Alamofire.framework */; settings = {ATTRIBUTES = (CodeSignOnCopy, RemoveHeadersOnCopy, ); }; };
		11C1493C23D2E1B800A9F154 /* MediaTableViewController.swift in Sources */ = {isa = PBXBuildFile; fileRef = 11C1493B23D2E1B800A9F154 /* MediaTableViewController.swift */; };
		11C1494623D42D5500A9F154 /* SocialTableViewCell.swift in Sources */ = {isa = PBXBuildFile; fileRef = 11C1494523D42D5400A9F154 /* SocialTableViewCell.swift */; };
		11C1495023DA867800A9F154 /* available_socials.json in Resources */ = {isa = PBXBuildFile; fileRef = 11C1494F23DA867800A9F154 /* available_socials.json */; };
		11FC44FB222E0A990048D683 /* AppDelegate.swift in Sources */ = {isa = PBXBuildFile; fileRef = 11FC44FA222E0A990048D683 /* AppDelegate.swift */; };
		11FC44FD222E0A990048D683 /* ViewController.swift in Sources */ = {isa = PBXBuildFile; fileRef = 11FC44FC222E0A990048D683 /* ViewController.swift */; };
		11FC4500222E0A990048D683 /* Main.storyboard in Resources */ = {isa = PBXBuildFile; fileRef = 11FC44FE222E0A990048D683 /* Main.storyboard */; };
		11FC4502222E0A9A0048D683 /* Assets.xcassets in Resources */ = {isa = PBXBuildFile; fileRef = 11FC4501222E0A9A0048D683 /* Assets.xcassets */; };
		11FC4505222E0A9A0048D683 /* LaunchScreen.storyboard in Resources */ = {isa = PBXBuildFile; fileRef = 11FC4503222E0A9A0048D683 /* LaunchScreen.storyboard */; };
		11FC4510222E0A9B0048D683 /* sQReTests.swift in Sources */ = {isa = PBXBuildFile; fileRef = 11FC450F222E0A9B0048D683 /* sQReTests.swift */; };
		11FC451B222E0A9B0048D683 /* sQReUITests.swift in Sources */ = {isa = PBXBuildFile; fileRef = 11FC451A222E0A9B0048D683 /* sQReUITests.swift */; };
		11FC4529222E0BA20048D683 /* user.swift in Sources */ = {isa = PBXBuildFile; fileRef = 11FC4528222E0BA20048D683 /* user.swift */; };
		11FC452B222E1E8D0048D683 /* QRCodeController.swift in Sources */ = {isa = PBXBuildFile; fileRef = 11FC452A222E1E8D0048D683 /* QRCodeController.swift */; };
		294A500B41A27D1B727CB2D9 /* Pods_sQRe_sQReUITests.framework in Frameworks */ = {isa = PBXBuildFile; fileRef = 3F8EEF46AFA748FC3BBB1544 /* Pods_sQRe_sQReUITests.framework */; };
		9444D557F7CC44C8DC132F91 /* Pods_sQReTests.framework in Frameworks */ = {isa = PBXBuildFile; fileRef = BD2792433BA199BEA272640E /* Pods_sQReTests.framework */; };
		AC0BBB7F86080D721E5A3C4B /* Pods_sQRe.framework in Frameworks */ = {isa = PBXBuildFile; fileRef = BBF567AEFEFEE04711DE63EB /* Pods_sQRe.framework */; };
/* End PBXBuildFile section */

/* Begin PBXContainerItemProxy section */
		118807C52231DC5700293143 /* PBXContainerItemProxy */ = {
			isa = PBXContainerItemProxy;
			containerPortal = 118807BA2231DC5600293143 /* Alamofire.xcodeproj */;
			proxyType = 2;
			remoteGlobalIDString = F8111E3319A95C8B0040E7D1;
			remoteInfo = "Alamofire iOS";
		};
		118807C72231DC5700293143 /* PBXContainerItemProxy */ = {
			isa = PBXContainerItemProxy;
			containerPortal = 118807BA2231DC5600293143 /* Alamofire.xcodeproj */;
			proxyType = 2;
			remoteGlobalIDString = F8111E3E19A95C8B0040E7D1;
			remoteInfo = "Alamofire iOS Tests";
		};
		118807C92231DC5700293143 /* PBXContainerItemProxy */ = {
			isa = PBXContainerItemProxy;
			containerPortal = 118807BA2231DC5600293143 /* Alamofire.xcodeproj */;
			proxyType = 2;
			remoteGlobalIDString = 4DD67C0B1A5C55C900ED2280;
			remoteInfo = "Alamofire macOS";
		};
		118807CB2231DC5700293143 /* PBXContainerItemProxy */ = {
			isa = PBXContainerItemProxy;
			containerPortal = 118807BA2231DC5600293143 /* Alamofire.xcodeproj */;
			proxyType = 2;
			remoteGlobalIDString = F829C6B21A7A94F100A2CD59;
			remoteInfo = "Alamofire macOS Tests";
		};
		118807CD2231DC5700293143 /* PBXContainerItemProxy */ = {
			isa = PBXContainerItemProxy;
			containerPortal = 118807BA2231DC5600293143 /* Alamofire.xcodeproj */;
			proxyType = 2;
			remoteGlobalIDString = 4CF626EF1BA7CB3E0011A099;
			remoteInfo = "Alamofire tvOS";
		};
		118807CF2231DC5700293143 /* PBXContainerItemProxy */ = {
			isa = PBXContainerItemProxy;
			containerPortal = 118807BA2231DC5600293143 /* Alamofire.xcodeproj */;
			proxyType = 2;
			remoteGlobalIDString = 4CF626F81BA7CB3E0011A099;
			remoteInfo = "Alamofire tvOS Tests";
		};
		118807D12231DC5700293143 /* PBXContainerItemProxy */ = {
			isa = PBXContainerItemProxy;
			containerPortal = 118807BA2231DC5600293143 /* Alamofire.xcodeproj */;
			proxyType = 2;
			remoteGlobalIDString = E4202FE01B667AA100C997FB;
			remoteInfo = "Alamofire watchOS";
		};
		118807D52231DCAD00293143 /* PBXContainerItemProxy */ = {
			isa = PBXContainerItemProxy;
			containerPortal = 118807BA2231DC5600293143 /* Alamofire.xcodeproj */;
			proxyType = 1;
			remoteGlobalIDString = F8111E3219A95C8B0040E7D1;
			remoteInfo = "Alamofire iOS";
		};
		11FC450C222E0A9B0048D683 /* PBXContainerItemProxy */ = {
			isa = PBXContainerItemProxy;
			containerPortal = 11FC44EF222E0A990048D683 /* Project object */;
			proxyType = 1;
			remoteGlobalIDString = 11FC44F6222E0A990048D683;
			remoteInfo = sQRe;
		};
		11FC4517222E0A9B0048D683 /* PBXContainerItemProxy */ = {
			isa = PBXContainerItemProxy;
			containerPortal = 11FC44EF222E0A990048D683 /* Project object */;
			proxyType = 1;
			remoteGlobalIDString = 11FC44F6222E0A990048D683;
			remoteInfo = sQRe;
		};
/* End PBXContainerItemProxy section */

/* Begin PBXCopyFilesBuildPhase section */
		118807D72231DCAD00293143 /* Embed Frameworks */ = {
			isa = PBXCopyFilesBuildPhase;
			buildActionMask = 2147483647;
			dstPath = "";
			dstSubfolderSpec = 10;
			files = (
				118807D42231DCAD00293143 /* Alamofire.framework in Embed Frameworks */,
			);
			name = "Embed Frameworks";
			runOnlyForDeploymentPostprocessing = 0;
		};
/* End PBXCopyFilesBuildPhase section */

/* Begin PBXFileReference section */
		1120EF88243D294900EB81ED /* GoogleService-Info.plist */ = {isa = PBXFileReference; fileEncoding = 4; lastKnownFileType = text.plist.xml; name = "GoogleService-Info.plist"; path = "../../../Downloads/GoogleService-Info.plist"; sourceTree = "<group>"; };
		1120EF95243D5ABA00EB81ED /* LoginViewController.swift */ = {isa = PBXFileReference; lastKnownFileType = sourcecode.swift; path = LoginViewController.swift; sourceTree = "<group>"; };
		1120EF9E243D5DCF00EB81ED /* sQRe.entitlements */ = {isa = PBXFileReference; lastKnownFileType = text.plist.entitlements; path = sQRe.entitlements; sourceTree = "<group>"; };
		1120EFAE244106CA00EB81ED /* EnterSocialMedia.swift */ = {isa = PBXFileReference; lastKnownFileType = sourcecode.swift; path = EnterSocialMedia.swift; sourceTree = "<group>"; };
		1120EFB724416F9B00EB81ED /* SelectSharedMediaCell.swift */ = {isa = PBXFileReference; lastKnownFileType = sourcecode.swift; path = SelectSharedMediaCell.swift; sourceTree = "<group>"; };
		1120EFB9244170E300EB81ED /* SelectSharedMediaTableViewController.swift */ = {isa = PBXFileReference; lastKnownFileType = sourcecode.swift; path = SelectSharedMediaTableViewController.swift; sourceTree = "<group>"; };
		113E1001226EA51C009AE498 /* ScannedViewController.swift */ = {isa = PBXFileReference; lastKnownFileType = sourcecode.swift; path = ScannedViewController.swift; sourceTree = "<group>"; };
		114526FD244B77B000CACF0B /* ViewScannedCell.swift */ = {isa = PBXFileReference; lastKnownFileType = sourcecode.swift; path = ViewScannedCell.swift; sourceTree = "<group>"; };
		11452707244C21AA00CACF0B /* LoadScansViewController.swift */ = {isa = PBXFileReference; lastKnownFileType = sourcecode.swift; path = LoadScansViewController.swift; sourceTree = "<group>"; };
		11452710244D5F0A00CACF0B /* Scan.swift */ = {isa = PBXFileReference; lastKnownFileType = sourcecode.swift; path = Scan.swift; sourceTree = "<group>"; };
		115015032249FC850018646D /* QrScanner.swift */ = {isa = PBXFileReference; lastKnownFileType = sourcecode.swift; path = QrScanner.swift; sourceTree = "<group>"; };
		118630BA245B94C000D98B32 /* EnterInfoCell.swift */ = {isa = PBXFileReference; lastKnownFileType = sourcecode.swift; path = EnterInfoCell.swift; sourceTree = "<group>"; };
		118807BA2231DC5600293143 /* Alamofire.xcodeproj */ = {isa = PBXFileReference; lastKnownFileType = "wrapper.pb-project"; name = Alamofire.xcodeproj; path = Alamofire/Alamofire.xcodeproj; sourceTree = "<group>"; };
		11C1493B23D2E1B800A9F154 /* MediaTableViewController.swift */ = {isa = PBXFileReference; lastKnownFileType = sourcecode.swift; path = MediaTableViewController.swift; sourceTree = "<group>"; };
		11C1494523D42D5400A9F154 /* SocialTableViewCell.swift */ = {isa = PBXFileReference; lastKnownFileType = sourcecode.swift; path = SocialTableViewCell.swift; sourceTree = "<group>"; };
		11C1494F23DA867800A9F154 /* available_socials.json */ = {isa = PBXFileReference; lastKnownFileType = text.json; path = available_socials.json; sourceTree = "<group>"; xcLanguageSpecificationIdentifier = xcode.lang.json; };
		11FC44F7222E0A990048D683 /* sQRe.app */ = {isa = PBXFileReference; explicitFileType = wrapper.application; includeInIndex = 0; path = sQRe.app; sourceTree = BUILT_PRODUCTS_DIR; };
		11FC44FA222E0A990048D683 /* AppDelegate.swift */ = {isa = PBXFileReference; lastKnownFileType = sourcecode.swift; path = AppDelegate.swift; sourceTree = "<group>"; };
		11FC44FC222E0A990048D683 /* ViewController.swift */ = {isa = PBXFileReference; lastKnownFileType = sourcecode.swift; path = ViewController.swift; sourceTree = "<group>"; };
		11FC44FF222E0A990048D683 /* Base */ = {isa = PBXFileReference; lastKnownFileType = file.storyboard; name = Base; path = Base.lproj/Main.storyboard; sourceTree = "<group>"; };
		11FC4501222E0A9A0048D683 /* Assets.xcassets */ = {isa = PBXFileReference; lastKnownFileType = folder.assetcatalog; path = Assets.xcassets; sourceTree = "<group>"; };
		11FC4504222E0A9A0048D683 /* Base */ = {isa = PBXFileReference; lastKnownFileType = file.storyboard; name = Base; path = Base.lproj/LaunchScreen.storyboard; sourceTree = "<group>"; };
		11FC4506222E0A9A0048D683 /* Info.plist */ = {isa = PBXFileReference; lastKnownFileType = text.plist.xml; path = Info.plist; sourceTree = "<group>"; };
		11FC450B222E0A9B0048D683 /* sQReTests.xctest */ = {isa = PBXFileReference; explicitFileType = wrapper.cfbundle; includeInIndex = 0; path = sQReTests.xctest; sourceTree = BUILT_PRODUCTS_DIR; };
		11FC450F222E0A9B0048D683 /* sQReTests.swift */ = {isa = PBXFileReference; lastKnownFileType = sourcecode.swift; path = sQReTests.swift; sourceTree = "<group>"; };
		11FC4511222E0A9B0048D683 /* Info.plist */ = {isa = PBXFileReference; lastKnownFileType = text.plist.xml; path = Info.plist; sourceTree = "<group>"; };
		11FC4516222E0A9B0048D683 /* sQReUITests.xctest */ = {isa = PBXFileReference; explicitFileType = wrapper.cfbundle; includeInIndex = 0; path = sQReUITests.xctest; sourceTree = BUILT_PRODUCTS_DIR; };
		11FC451A222E0A9B0048D683 /* sQReUITests.swift */ = {isa = PBXFileReference; lastKnownFileType = sourcecode.swift; path = sQReUITests.swift; sourceTree = "<group>"; };
		11FC451C222E0A9B0048D683 /* Info.plist */ = {isa = PBXFileReference; lastKnownFileType = text.plist.xml; path = Info.plist; sourceTree = "<group>"; };
		11FC4528222E0BA20048D683 /* user.swift */ = {isa = PBXFileReference; lastKnownFileType = sourcecode.swift; path = user.swift; sourceTree = "<group>"; };
		11FC452A222E1E8D0048D683 /* QRCodeController.swift */ = {isa = PBXFileReference; lastKnownFileType = sourcecode.swift; path = QRCodeController.swift; sourceTree = "<group>"; };
		3F8EEF46AFA748FC3BBB1544 /* Pods_sQRe_sQReUITests.framework */ = {isa = PBXFileReference; explicitFileType = wrapper.framework; includeInIndex = 0; path = Pods_sQRe_sQReUITests.framework; sourceTree = BUILT_PRODUCTS_DIR; };
		4EBA8BBA6C2824F94D826D87 /* Pods-sQReTests.debug.xcconfig */ = {isa = PBXFileReference; includeInIndex = 1; lastKnownFileType = text.xcconfig; name = "Pods-sQReTests.debug.xcconfig"; path = "Target Support Files/Pods-sQReTests/Pods-sQReTests.debug.xcconfig"; sourceTree = "<group>"; };
		7DEF8BC00FA27871DA8FE3F1 /* Pods-sQRe.release.xcconfig */ = {isa = PBXFileReference; includeInIndex = 1; lastKnownFileType = text.xcconfig; name = "Pods-sQRe.release.xcconfig"; path = "Target Support Files/Pods-sQRe/Pods-sQRe.release.xcconfig"; sourceTree = "<group>"; };
		A079991FBDD16DECF5BC34DB /* Pods-sQRe-sQReUITests.debug.xcconfig */ = {isa = PBXFileReference; includeInIndex = 1; lastKnownFileType = text.xcconfig; name = "Pods-sQRe-sQReUITests.debug.xcconfig"; path = "Target Support Files/Pods-sQRe-sQReUITests/Pods-sQRe-sQReUITests.debug.xcconfig"; sourceTree = "<group>"; };
		BBF567AEFEFEE04711DE63EB /* Pods_sQRe.framework */ = {isa = PBXFileReference; explicitFileType = wrapper.framework; includeInIndex = 0; path = Pods_sQRe.framework; sourceTree = BUILT_PRODUCTS_DIR; };
		BD2792433BA199BEA272640E /* Pods_sQReTests.framework */ = {isa = PBXFileReference; explicitFileType = wrapper.framework; includeInIndex = 0; path = Pods_sQReTests.framework; sourceTree = BUILT_PRODUCTS_DIR; };
		C81C8F9787815462E84A7C8F /* Pods-sQReTests.release.xcconfig */ = {isa = PBXFileReference; includeInIndex = 1; lastKnownFileType = text.xcconfig; name = "Pods-sQReTests.release.xcconfig"; path = "Target Support Files/Pods-sQReTests/Pods-sQReTests.release.xcconfig"; sourceTree = "<group>"; };
		CD391CA81B90836DBC247460 /* Pods-sQRe.debug.xcconfig */ = {isa = PBXFileReference; includeInIndex = 1; lastKnownFileType = text.xcconfig; name = "Pods-sQRe.debug.xcconfig"; path = "Target Support Files/Pods-sQRe/Pods-sQRe.debug.xcconfig"; sourceTree = "<group>"; };
		F3945B2252D96D0CEF361FA2 /* Pods-sQRe-sQReUITests.release.xcconfig */ = {isa = PBXFileReference; includeInIndex = 1; lastKnownFileType = text.xcconfig; name = "Pods-sQRe-sQReUITests.release.xcconfig"; path = "Target Support Files/Pods-sQRe-sQReUITests/Pods-sQRe-sQReUITests.release.xcconfig"; sourceTree = "<group>"; };
/* End PBXFileReference section */

/* Begin PBXFrameworksBuildPhase section */
		11FC44F4222E0A990048D683 /* Frameworks */ = {
			isa = PBXFrameworksBuildPhase;
			buildActionMask = 2147483647;
			files = (
				118807D32231DCAD00293143 /* Alamofire.framework in Frameworks */,
				AC0BBB7F86080D721E5A3C4B /* Pods_sQRe.framework in Frameworks */,
				1145271C24513D3D00CACF0B /* FacebookLogin in Frameworks */,
				1145271E24513D3D00CACF0B /* FacebookCore in Frameworks */,
			);
			runOnlyForDeploymentPostprocessing = 0;
		};
		11FC4508222E0A9B0048D683 /* Frameworks */ = {
			isa = PBXFrameworksBuildPhase;
			buildActionMask = 2147483647;
			files = (
				9444D557F7CC44C8DC132F91 /* Pods_sQReTests.framework in Frameworks */,
			);
			runOnlyForDeploymentPostprocessing = 0;
		};
		11FC4513222E0A9B0048D683 /* Frameworks */ = {
			isa = PBXFrameworksBuildPhase;
			buildActionMask = 2147483647;
			files = (
				294A500B41A27D1B727CB2D9 /* Pods_sQRe_sQReUITests.framework in Frameworks */,
			);
			runOnlyForDeploymentPostprocessing = 0;
		};
/* End PBXFrameworksBuildPhase section */

/* Begin PBXGroup section */
		118807BB2231DC5600293143 /* Products */ = {
			isa = PBXGroup;
			children = (
				118807C62231DC5700293143 /* Alamofire.framework */,
				118807C82231DC5700293143 /* Alamofire iOS Tests.xctest */,
				118807CA2231DC5700293143 /* Alamofire.framework */,
				118807CC2231DC5700293143 /* Alamofire macOS Tests.xctest */,
				118807CE2231DC5700293143 /* Alamofire.framework */,
				118807D02231DC5700293143 /* Alamofire tvOS Tests.xctest */,
				118807D22231DC5700293143 /* Alamofire.framework */,
			);
			name = Products;
			sourceTree = "<group>";
		};
		11FC44EE222E0A990048D683 = {
			isa = PBXGroup;
			children = (
				118807BA2231DC5600293143 /* Alamofire.xcodeproj */,
				11FC44F9222E0A990048D683 /* sQRe */,
				11FC450E222E0A9B0048D683 /* sQReTests */,
				11FC4519222E0A9B0048D683 /* sQReUITests */,
				11FC44F8222E0A990048D683 /* Products */,
				3FBB67BA32BB2160F1EE2C93 /* Pods */,
				E173CAC36D092F7146877170 /* Frameworks */,
			);
			sourceTree = "<group>";
		};
		11FC44F8222E0A990048D683 /* Products */ = {
			isa = PBXGroup;
			children = (
				11FC44F7222E0A990048D683 /* sQRe.app */,
				11FC450B222E0A9B0048D683 /* sQReTests.xctest */,
				11FC4516222E0A9B0048D683 /* sQReUITests.xctest */,
			);
			name = Products;
			sourceTree = "<group>";
		};
		11FC44F9222E0A990048D683 /* sQRe */ = {
			isa = PBXGroup;
			children = (
				1120EF9E243D5DCF00EB81ED /* sQRe.entitlements */,
				1120EF88243D294900EB81ED /* GoogleService-Info.plist */,
				11FC44FA222E0A990048D683 /* AppDelegate.swift */,
				11FC44FC222E0A990048D683 /* ViewController.swift */,
				11FC44FE222E0A990048D683 /* Main.storyboard */,
				11FC4501222E0A9A0048D683 /* Assets.xcassets */,
				11FC4503222E0A9A0048D683 /* LaunchScreen.storyboard */,
				11FC4506222E0A9A0048D683 /* Info.plist */,
				11FC4528222E0BA20048D683 /* user.swift */,
				11FC452A222E1E8D0048D683 /* QRCodeController.swift */,
				115015032249FC850018646D /* QrScanner.swift */,
				113E1001226EA51C009AE498 /* ScannedViewController.swift */,
				11C1493B23D2E1B800A9F154 /* MediaTableViewController.swift */,
				11C1494523D42D5400A9F154 /* SocialTableViewCell.swift */,
				11C1494F23DA867800A9F154 /* available_socials.json */,
				1120EF95243D5ABA00EB81ED /* LoginViewController.swift */,
				1120EFAE244106CA00EB81ED /* EnterSocialMedia.swift */,
				1120EFB724416F9B00EB81ED /* SelectSharedMediaCell.swift */,
				1120EFB9244170E300EB81ED /* SelectSharedMediaTableViewController.swift */,
				114526FD244B77B000CACF0B /* ViewScannedCell.swift */,
				11452707244C21AA00CACF0B /* LoadScansViewController.swift */,
				11452710244D5F0A00CACF0B /* Scan.swift */,
				118630BA245B94C000D98B32 /* EnterInfoCell.swift */,
			);
			path = sQRe;
			sourceTree = "<group>";
		};
		11FC450E222E0A9B0048D683 /* sQReTests */ = {
			isa = PBXGroup;
			children = (
				11FC450F222E0A9B0048D683 /* sQReTests.swift */,
				11FC4511222E0A9B0048D683 /* Info.plist */,
			);
			path = sQReTests;
			sourceTree = "<group>";
		};
		11FC4519222E0A9B0048D683 /* sQReUITests */ = {
			isa = PBXGroup;
			children = (
				11FC451A222E0A9B0048D683 /* sQReUITests.swift */,
				11FC451C222E0A9B0048D683 /* Info.plist */,
			);
			path = sQReUITests;
			sourceTree = "<group>";
		};
		3FBB67BA32BB2160F1EE2C93 /* Pods */ = {
			isa = PBXGroup;
			children = (
				CD391CA81B90836DBC247460 /* Pods-sQRe.debug.xcconfig */,
				7DEF8BC00FA27871DA8FE3F1 /* Pods-sQRe.release.xcconfig */,
				A079991FBDD16DECF5BC34DB /* Pods-sQRe-sQReUITests.debug.xcconfig */,
				F3945B2252D96D0CEF361FA2 /* Pods-sQRe-sQReUITests.release.xcconfig */,
				4EBA8BBA6C2824F94D826D87 /* Pods-sQReTests.debug.xcconfig */,
				C81C8F9787815462E84A7C8F /* Pods-sQReTests.release.xcconfig */,
			);
			path = Pods;
			sourceTree = "<group>";
		};
		E173CAC36D092F7146877170 /* Frameworks */ = {
			isa = PBXGroup;
			children = (
				BBF567AEFEFEE04711DE63EB /* Pods_sQRe.framework */,
				3F8EEF46AFA748FC3BBB1544 /* Pods_sQRe_sQReUITests.framework */,
				BD2792433BA199BEA272640E /* Pods_sQReTests.framework */,
			);
			name = Frameworks;
			sourceTree = "<group>";
		};
/* End PBXGroup section */

/* Begin PBXNativeTarget section */
		11FC44F6222E0A990048D683 /* sQRe */ = {
			isa = PBXNativeTarget;
			buildConfigurationList = 11FC451F222E0A9B0048D683 /* Build configuration list for PBXNativeTarget "sQRe" */;
			buildPhases = (
				DBE66414886E622658C4FB00 /* [CP] Check Pods Manifest.lock */,
				11FC44F3222E0A990048D683 /* Sources */,
				11FC44F4222E0A990048D683 /* Frameworks */,
				11FC44F5222E0A990048D683 /* Resources */,
				118807D72231DCAD00293143 /* Embed Frameworks */,
				60C0302BA32DA767FEBC9202 /* [CP] Copy Pods Resources */,
				3261F5B974828592B9EBDCFB /* [CP] Embed Pods Frameworks */,
			);
			buildRules = (
			);
			dependencies = (
				118807D62231DCAD00293143 /* PBXTargetDependency */,
			);
			name = sQRe;
			packageProductDependencies = (
				1145271B24513D3D00CACF0B /* FacebookLogin */,
				1145271D24513D3D00CACF0B /* FacebookCore */,
			);
			productName = sQRe;
			productReference = 11FC44F7222E0A990048D683 /* sQRe.app */;
			productType = "com.apple.product-type.application";
		};
		11FC450A222E0A9B0048D683 /* sQReTests */ = {
			isa = PBXNativeTarget;
			buildConfigurationList = 11FC4522222E0A9B0048D683 /* Build configuration list for PBXNativeTarget "sQReTests" */;
			buildPhases = (
				B873AEA7DEF2C908872028F3 /* [CP] Check Pods Manifest.lock */,
				11FC4507222E0A9B0048D683 /* Sources */,
				11FC4508222E0A9B0048D683 /* Frameworks */,
				11FC4509222E0A9B0048D683 /* Resources */,
			);
			buildRules = (
			);
			dependencies = (
				11FC450D222E0A9B0048D683 /* PBXTargetDependency */,
			);
			name = sQReTests;
			productName = sQReTests;
			productReference = 11FC450B222E0A9B0048D683 /* sQReTests.xctest */;
			productType = "com.apple.product-type.bundle.unit-test";
		};
		11FC4515222E0A9B0048D683 /* sQReUITests */ = {
			isa = PBXNativeTarget;
			buildConfigurationList = 11FC4525222E0A9B0048D683 /* Build configuration list for PBXNativeTarget "sQReUITests" */;
			buildPhases = (
				9C18544EFDDF84ED3925E6B1 /* [CP] Check Pods Manifest.lock */,
				11FC4512222E0A9B0048D683 /* Sources */,
				11FC4513222E0A9B0048D683 /* Frameworks */,
				11FC4514222E0A9B0048D683 /* Resources */,
				8CD3B857676B86BFF89E8089 /* [CP] Copy Pods Resources */,
				3DEADE2B8466E57D6579AC5C /* [CP] Embed Pods Frameworks */,
			);
			buildRules = (
			);
			dependencies = (
				11FC4518222E0A9B0048D683 /* PBXTargetDependency */,
			);
			name = sQReUITests;
			productName = sQReUITests;
			productReference = 11FC4516222E0A9B0048D683 /* sQReUITests.xctest */;
			productType = "com.apple.product-type.bundle.ui-testing";
		};
/* End PBXNativeTarget section */

/* Begin PBXProject section */
		11FC44EF222E0A990048D683 /* Project object */ = {
			isa = PBXProject;
			attributes = {
				LastSwiftUpdateCheck = 1010;
				LastUpgradeCheck = 1010;
				ORGANIZATIONNAME = "Nilay Neeranjun";
				TargetAttributes = {
					11FC44F6222E0A990048D683 = {
						CreatedOnToolsVersion = 10.1;
					};
					11FC450A222E0A9B0048D683 = {
						CreatedOnToolsVersion = 10.1;
						TestTargetID = 11FC44F6222E0A990048D683;
					};
					11FC4515222E0A9B0048D683 = {
						CreatedOnToolsVersion = 10.1;
						TestTargetID = 11FC44F6222E0A990048D683;
					};
				};
			};
			buildConfigurationList = 11FC44F2222E0A990048D683 /* Build configuration list for PBXProject "sQRe" */;
			compatibilityVersion = "Xcode 9.3";
			developmentRegion = en;
			hasScannedForEncodings = 0;
			knownRegions = (
				en,
				Base,
			);
			mainGroup = 11FC44EE222E0A990048D683;
			packageReferences = (
				1145271A24513D3D00CACF0B /* XCRemoteSwiftPackageReference "facebook-ios-sdk" */,
			);
			productRefGroup = 11FC44F8222E0A990048D683 /* Products */;
			projectDirPath = "";
			projectReferences = (
				{
					ProductGroup = 118807BB2231DC5600293143 /* Products */;
					ProjectRef = 118807BA2231DC5600293143 /* Alamofire.xcodeproj */;
				},
			);
			projectRoot = "";
			targets = (
				11FC44F6222E0A990048D683 /* sQRe */,
				11FC450A222E0A9B0048D683 /* sQReTests */,
				11FC4515222E0A9B0048D683 /* sQReUITests */,
			);
		};
/* End PBXProject section */

/* Begin PBXReferenceProxy section */
		118807C62231DC5700293143 /* Alamofire.framework */ = {
			isa = PBXReferenceProxy;
			fileType = wrapper.framework;
			path = Alamofire.framework;
			remoteRef = 118807C52231DC5700293143 /* PBXContainerItemProxy */;
			sourceTree = BUILT_PRODUCTS_DIR;
		};
		118807C82231DC5700293143 /* Alamofire iOS Tests.xctest */ = {
			isa = PBXReferenceProxy;
			fileType = wrapper.cfbundle;
			path = "Alamofire iOS Tests.xctest";
			remoteRef = 118807C72231DC5700293143 /* PBXContainerItemProxy */;
			sourceTree = BUILT_PRODUCTS_DIR;
		};
		118807CA2231DC5700293143 /* Alamofire.framework */ = {
			isa = PBXReferenceProxy;
			fileType = wrapper.framework;
			path = Alamofire.framework;
			remoteRef = 118807C92231DC5700293143 /* PBXContainerItemProxy */;
			sourceTree = BUILT_PRODUCTS_DIR;
		};
		118807CC2231DC5700293143 /* Alamofire macOS Tests.xctest */ = {
			isa = PBXReferenceProxy;
			fileType = wrapper.cfbundle;
			path = "Alamofire macOS Tests.xctest";
			remoteRef = 118807CB2231DC5700293143 /* PBXContainerItemProxy */;
			sourceTree = BUILT_PRODUCTS_DIR;
		};
		118807CE2231DC5700293143 /* Alamofire.framework */ = {
			isa = PBXReferenceProxy;
			fileType = wrapper.framework;
			path = Alamofire.framework;
			remoteRef = 118807CD2231DC5700293143 /* PBXContainerItemProxy */;
			sourceTree = BUILT_PRODUCTS_DIR;
		};
		118807D02231DC5700293143 /* Alamofire tvOS Tests.xctest */ = {
			isa = PBXReferenceProxy;
			fileType = wrapper.cfbundle;
			path = "Alamofire tvOS Tests.xctest";
			remoteRef = 118807CF2231DC5700293143 /* PBXContainerItemProxy */;
			sourceTree = BUILT_PRODUCTS_DIR;
		};
		118807D22231DC5700293143 /* Alamofire.framework */ = {
			isa = PBXReferenceProxy;
			fileType = wrapper.framework;
			path = Alamofire.framework;
			remoteRef = 118807D12231DC5700293143 /* PBXContainerItemProxy */;
			sourceTree = BUILT_PRODUCTS_DIR;
		};
/* End PBXReferenceProxy section */

/* Begin PBXResourcesBuildPhase section */
		11FC44F5222E0A990048D683 /* Resources */ = {
			isa = PBXResourcesBuildPhase;
			buildActionMask = 2147483647;
			files = (
				11FC4505222E0A9A0048D683 /* LaunchScreen.storyboard in Resources */,
				11FC4502222E0A9A0048D683 /* Assets.xcassets in Resources */,
				1120EF90243D294900EB81ED /* GoogleService-Info.plist in Resources */,
				11FC4500222E0A990048D683 /* Main.storyboard in Resources */,
				11C1495023DA867800A9F154 /* available_socials.json in Resources */,
			);
			runOnlyForDeploymentPostprocessing = 0;
		};
		11FC4509222E0A9B0048D683 /* Resources */ = {
			isa = PBXResourcesBuildPhase;
			buildActionMask = 2147483647;
			files = (
				1120EF91243D294900EB81ED /* GoogleService-Info.plist in Resources */,
			);
			runOnlyForDeploymentPostprocessing = 0;
		};
		11FC4514222E0A9B0048D683 /* Resources */ = {
			isa = PBXResourcesBuildPhase;
			buildActionMask = 2147483647;
			files = (
				1120EF92243D294900EB81ED /* GoogleService-Info.plist in Resources */,
			);
			runOnlyForDeploymentPostprocessing = 0;
		};
/* End PBXResourcesBuildPhase section */

/* Begin PBXShellScriptBuildPhase section */
		3261F5B974828592B9EBDCFB /* [CP] Embed Pods Frameworks */ = {
			isa = PBXShellScriptBuildPhase;
			buildActionMask = 2147483647;
			files = (
			);
			inputFileListPaths = (
				"${PODS_ROOT}/Target Support Files/Pods-sQRe/Pods-sQRe-frameworks-${CONFIGURATION}-input-files.xcfilelist",
			);
			name = "[CP] Embed Pods Frameworks";
			outputFileListPaths = (
				"${PODS_ROOT}/Target Support Files/Pods-sQRe/Pods-sQRe-frameworks-${CONFIGURATION}-output-files.xcfilelist",
			);
			runOnlyForDeploymentPostprocessing = 0;
			shellPath = /bin/sh;
			shellScript = "\"${PODS_ROOT}/Target Support Files/Pods-sQRe/Pods-sQRe-frameworks.sh\"\n";
			showEnvVarsInLog = 0;
		};
		3DEADE2B8466E57D6579AC5C /* [CP] Embed Pods Frameworks */ = {
			isa = PBXShellScriptBuildPhase;
			buildActionMask = 2147483647;
			files = (
			);
			inputFileListPaths = (
				"${PODS_ROOT}/Target Support Files/Pods-sQRe-sQReUITests/Pods-sQRe-sQReUITests-frameworks-${CONFIGURATION}-input-files.xcfilelist",
			);
			name = "[CP] Embed Pods Frameworks";
			outputFileListPaths = (
				"${PODS_ROOT}/Target Support Files/Pods-sQRe-sQReUITests/Pods-sQRe-sQReUITests-frameworks-${CONFIGURATION}-output-files.xcfilelist",
			);
			runOnlyForDeploymentPostprocessing = 0;
			shellPath = /bin/sh;
			shellScript = "\"${PODS_ROOT}/Target Support Files/Pods-sQRe-sQReUITests/Pods-sQRe-sQReUITests-frameworks.sh\"\n";
			showEnvVarsInLog = 0;
		};
		60C0302BA32DA767FEBC9202 /* [CP] Copy Pods Resources */ = {
			isa = PBXShellScriptBuildPhase;
			buildActionMask = 2147483647;
			files = (
			);
			inputFileListPaths = (
				"${PODS_ROOT}/Target Support Files/Pods-sQRe/Pods-sQRe-resources-${CONFIGURATION}-input-files.xcfilelist",
			);
			name = "[CP] Copy Pods Resources";
			outputFileListPaths = (
				"${PODS_ROOT}/Target Support Files/Pods-sQRe/Pods-sQRe-resources-${CONFIGURATION}-output-files.xcfilelist",
			);
			runOnlyForDeploymentPostprocessing = 0;
			shellPath = /bin/sh;
			shellScript = "\"${PODS_ROOT}/Target Support Files/Pods-sQRe/Pods-sQRe-resources.sh\"\n";
			showEnvVarsInLog = 0;
		};
		8CD3B857676B86BFF89E8089 /* [CP] Copy Pods Resources */ = {
			isa = PBXShellScriptBuildPhase;
			buildActionMask = 2147483647;
			files = (
			);
			inputFileListPaths = (
				"${PODS_ROOT}/Target Support Files/Pods-sQRe-sQReUITests/Pods-sQRe-sQReUITests-resources-${CONFIGURATION}-input-files.xcfilelist",
			);
			name = "[CP] Copy Pods Resources";
			outputFileListPaths = (
				"${PODS_ROOT}/Target Support Files/Pods-sQRe-sQReUITests/Pods-sQRe-sQReUITests-resources-${CONFIGURATION}-output-files.xcfilelist",
			);
			runOnlyForDeploymentPostprocessing = 0;
			shellPath = /bin/sh;
			shellScript = "\"${PODS_ROOT}/Target Support Files/Pods-sQRe-sQReUITests/Pods-sQRe-sQReUITests-resources.sh\"\n";
			showEnvVarsInLog = 0;
		};
		9C18544EFDDF84ED3925E6B1 /* [CP] Check Pods Manifest.lock */ = {
			isa = PBXShellScriptBuildPhase;
			buildActionMask = 2147483647;
			files = (
			);
			inputFileListPaths = (
			);
			inputPaths = (
				"${PODS_PODFILE_DIR_PATH}/Podfile.lock",
				"${PODS_ROOT}/Manifest.lock",
			);
			name = "[CP] Check Pods Manifest.lock";
			outputFileListPaths = (
			);
			outputPaths = (
				"$(DERIVED_FILE_DIR)/Pods-sQRe-sQReUITests-checkManifestLockResult.txt",
			);
			runOnlyForDeploymentPostprocessing = 0;
			shellPath = /bin/sh;
			shellScript = "diff \"${PODS_PODFILE_DIR_PATH}/Podfile.lock\" \"${PODS_ROOT}/Manifest.lock\" > /dev/null\nif [ $? != 0 ] ; then\n    # print error to STDERR\n    echo \"error: The sandbox is not in sync with the Podfile.lock. Run 'pod install' or update your CocoaPods installation.\" >&2\n    exit 1\nfi\n# This output is used by Xcode 'outputs' to avoid re-running this script phase.\necho \"SUCCESS\" > \"${SCRIPT_OUTPUT_FILE_0}\"\n";
			showEnvVarsInLog = 0;
		};
		B873AEA7DEF2C908872028F3 /* [CP] Check Pods Manifest.lock */ = {
			isa = PBXShellScriptBuildPhase;
			buildActionMask = 2147483647;
			files = (
			);
			inputFileListPaths = (
			);
			inputPaths = (
				"${PODS_PODFILE_DIR_PATH}/Podfile.lock",
				"${PODS_ROOT}/Manifest.lock",
			);
			name = "[CP] Check Pods Manifest.lock";
			outputFileListPaths = (
			);
			outputPaths = (
				"$(DERIVED_FILE_DIR)/Pods-sQReTests-checkManifestLockResult.txt",
			);
			runOnlyForDeploymentPostprocessing = 0;
			shellPath = /bin/sh;
			shellScript = "diff \"${PODS_PODFILE_DIR_PATH}/Podfile.lock\" \"${PODS_ROOT}/Manifest.lock\" > /dev/null\nif [ $? != 0 ] ; then\n    # print error to STDERR\n    echo \"error: The sandbox is not in sync with the Podfile.lock. Run 'pod install' or update your CocoaPods installation.\" >&2\n    exit 1\nfi\n# This output is used by Xcode 'outputs' to avoid re-running this script phase.\necho \"SUCCESS\" > \"${SCRIPT_OUTPUT_FILE_0}\"\n";
			showEnvVarsInLog = 0;
		};
		DBE66414886E622658C4FB00 /* [CP] Check Pods Manifest.lock */ = {
			isa = PBXShellScriptBuildPhase;
			buildActionMask = 2147483647;
			files = (
			);
			inputFileListPaths = (
			);
			inputPaths = (
				"${PODS_PODFILE_DIR_PATH}/Podfile.lock",
				"${PODS_ROOT}/Manifest.lock",
			);
			name = "[CP] Check Pods Manifest.lock";
			outputFileListPaths = (
			);
			outputPaths = (
				"$(DERIVED_FILE_DIR)/Pods-sQRe-checkManifestLockResult.txt",
			);
			runOnlyForDeploymentPostprocessing = 0;
			shellPath = /bin/sh;
			shellScript = "diff \"${PODS_PODFILE_DIR_PATH}/Podfile.lock\" \"${PODS_ROOT}/Manifest.lock\" > /dev/null\nif [ $? != 0 ] ; then\n    # print error to STDERR\n    echo \"error: The sandbox is not in sync with the Podfile.lock. Run 'pod install' or update your CocoaPods installation.\" >&2\n    exit 1\nfi\n# This output is used by Xcode 'outputs' to avoid re-running this script phase.\necho \"SUCCESS\" > \"${SCRIPT_OUTPUT_FILE_0}\"\n";
			showEnvVarsInLog = 0;
		};
/* End PBXShellScriptBuildPhase section */

/* Begin PBXSourcesBuildPhase section */
		11FC44F3222E0A990048D683 /* Sources */ = {
			isa = PBXSourcesBuildPhase;
			buildActionMask = 2147483647;
			files = (
				1120EF96243D5ABA00EB81ED /* LoginViewController.swift in Sources */,
				11FC44FD222E0A990048D683 /* ViewController.swift in Sources */,
				11FC44FB222E0A990048D683 /* AppDelegate.swift in Sources */,
				11FC4529222E0BA20048D683 /* user.swift in Sources */,
				1120EFB824416F9B00EB81ED /* SelectSharedMediaCell.swift in Sources */,
				114526FE244B77B000CACF0B /* ViewScannedCell.swift in Sources */,
				1120EFAF244106CA00EB81ED /* EnterSocialMedia.swift in Sources */,
				113E1002226EA51C009AE498 /* ScannedViewController.swift in Sources */,
				118630BB245B94C000D98B32 /* EnterInfoCell.swift in Sources */,
				1120EFBA244170E300EB81ED /* SelectSharedMediaTableViewController.swift in Sources */,
				11452708244C21AA00CACF0B /* LoadScansViewController.swift in Sources */,
				11FC452B222E1E8D0048D683 /* QRCodeController.swift in Sources */,
				11452711244D5F0B00CACF0B /* Scan.swift in Sources */,
				115015042249FC850018646D /* QrScanner.swift in Sources */,
				11C1493C23D2E1B800A9F154 /* MediaTableViewController.swift in Sources */,
				11C1494623D42D5500A9F154 /* SocialTableViewCell.swift in Sources */,
			);
			runOnlyForDeploymentPostprocessing = 0;
		};
		11FC4507222E0A9B0048D683 /* Sources */ = {
			isa = PBXSourcesBuildPhase;
			buildActionMask = 2147483647;
			files = (
				11FC4510222E0A9B0048D683 /* sQReTests.swift in Sources */,
			);
			runOnlyForDeploymentPostprocessing = 0;
		};
		11FC4512222E0A9B0048D683 /* Sources */ = {
			isa = PBXSourcesBuildPhase;
			buildActionMask = 2147483647;
			files = (
				11FC451B222E0A9B0048D683 /* sQReUITests.swift in Sources */,
			);
			runOnlyForDeploymentPostprocessing = 0;
		};
/* End PBXSourcesBuildPhase section */

/* Begin PBXTargetDependency section */
		118807D62231DCAD00293143 /* PBXTargetDependency */ = {
			isa = PBXTargetDependency;
			name = "Alamofire iOS";
			targetProxy = 118807D52231DCAD00293143 /* PBXContainerItemProxy */;
		};
		11FC450D222E0A9B0048D683 /* PBXTargetDependency */ = {
			isa = PBXTargetDependency;
			target = 11FC44F6222E0A990048D683 /* sQRe */;
			targetProxy = 11FC450C222E0A9B0048D683 /* PBXContainerItemProxy */;
		};
		11FC4518222E0A9B0048D683 /* PBXTargetDependency */ = {
			isa = PBXTargetDependency;
			target = 11FC44F6222E0A990048D683 /* sQRe */;
			targetProxy = 11FC4517222E0A9B0048D683 /* PBXContainerItemProxy */;
		};
/* End PBXTargetDependency section */

/* Begin PBXVariantGroup section */
		11FC44FE222E0A990048D683 /* Main.storyboard */ = {
			isa = PBXVariantGroup;
			children = (
				11FC44FF222E0A990048D683 /* Base */,
			);
			name = Main.storyboard;
			sourceTree = "<group>";
		};
		11FC4503222E0A9A0048D683 /* LaunchScreen.storyboard */ = {
			isa = PBXVariantGroup;
			children = (
				11FC4504222E0A9A0048D683 /* Base */,
			);
			name = LaunchScreen.storyboard;
			sourceTree = "<group>";
		};
/* End PBXVariantGroup section */

/* Begin XCBuildConfiguration section */
		11FC451D222E0A9B0048D683 /* Debug */ = {
			isa = XCBuildConfiguration;
			buildSettings = {
				ALWAYS_SEARCH_USER_PATHS = NO;
				CLANG_ANALYZER_NONNULL = YES;
				CLANG_ANALYZER_NUMBER_OBJECT_CONVERSION = YES_AGGRESSIVE;
				CLANG_CXX_LANGUAGE_STANDARD = "gnu++14";
				CLANG_CXX_LIBRARY = "libc++";
				CLANG_ENABLE_MODULES = YES;
				CLANG_ENABLE_OBJC_ARC = YES;
				CLANG_ENABLE_OBJC_WEAK = YES;
				CLANG_WARN_BLOCK_CAPTURE_AUTORELEASING = YES;
				CLANG_WARN_BOOL_CONVERSION = YES;
				CLANG_WARN_COMMA = YES;
				CLANG_WARN_CONSTANT_CONVERSION = YES;
				CLANG_WARN_DEPRECATED_OBJC_IMPLEMENTATIONS = YES;
				CLANG_WARN_DIRECT_OBJC_ISA_USAGE = YES_ERROR;
				CLANG_WARN_DOCUMENTATION_COMMENTS = YES;
				CLANG_WARN_EMPTY_BODY = YES;
				CLANG_WARN_ENUM_CONVERSION = YES;
				CLANG_WARN_INFINITE_RECURSION = YES;
				CLANG_WARN_INT_CONVERSION = YES;
				CLANG_WARN_NON_LITERAL_NULL_CONVERSION = YES;
				CLANG_WARN_OBJC_IMPLICIT_RETAIN_SELF = YES;
				CLANG_WARN_OBJC_LITERAL_CONVERSION = YES;
				CLANG_WARN_OBJC_ROOT_CLASS = YES_ERROR;
				CLANG_WARN_RANGE_LOOP_ANALYSIS = YES;
				CLANG_WARN_STRICT_PROTOTYPES = YES;
				CLANG_WARN_SUSPICIOUS_MOVE = YES;
				CLANG_WARN_UNGUARDED_AVAILABILITY = YES_AGGRESSIVE;
				CLANG_WARN_UNREACHABLE_CODE = YES;
				CLANG_WARN__DUPLICATE_METHOD_MATCH = YES;
				CODE_SIGN_IDENTITY = "iPhone Developer";
				COPY_PHASE_STRIP = NO;
				DEBUG_INFORMATION_FORMAT = dwarf;
				ENABLE_STRICT_OBJC_MSGSEND = YES;
				ENABLE_TESTABILITY = YES;
				GCC_C_LANGUAGE_STANDARD = gnu11;
				GCC_DYNAMIC_NO_PIC = NO;
				GCC_NO_COMMON_BLOCKS = YES;
				GCC_OPTIMIZATION_LEVEL = 0;
				GCC_PREPROCESSOR_DEFINITIONS = (
					"DEBUG=1",
					"$(inherited)",
				);
				GCC_WARN_64_TO_32_BIT_CONVERSION = YES;
				GCC_WARN_ABOUT_RETURN_TYPE = YES_ERROR;
				GCC_WARN_UNDECLARED_SELECTOR = YES;
				GCC_WARN_UNINITIALIZED_AUTOS = YES_AGGRESSIVE;
				GCC_WARN_UNUSED_FUNCTION = YES;
				GCC_WARN_UNUSED_VARIABLE = YES;
				IPHONEOS_DEPLOYMENT_TARGET = 12.1;
				MTL_ENABLE_DEBUG_INFO = INCLUDE_SOURCE;
				MTL_FAST_MATH = YES;
				ONLY_ACTIVE_ARCH = YES;
				SDKROOT = iphoneos;
				SWIFT_ACTIVE_COMPILATION_CONDITIONS = DEBUG;
				SWIFT_OPTIMIZATION_LEVEL = "-Onone";
			};
			name = Debug;
		};
		11FC451E222E0A9B0048D683 /* Release */ = {
			isa = XCBuildConfiguration;
			buildSettings = {
				ALWAYS_SEARCH_USER_PATHS = NO;
				CLANG_ANALYZER_NONNULL = YES;
				CLANG_ANALYZER_NUMBER_OBJECT_CONVERSION = YES_AGGRESSIVE;
				CLANG_CXX_LANGUAGE_STANDARD = "gnu++14";
				CLANG_CXX_LIBRARY = "libc++";
				CLANG_ENABLE_MODULES = YES;
				CLANG_ENABLE_OBJC_ARC = YES;
				CLANG_ENABLE_OBJC_WEAK = YES;
				CLANG_WARN_BLOCK_CAPTURE_AUTORELEASING = YES;
				CLANG_WARN_BOOL_CONVERSION = YES;
				CLANG_WARN_COMMA = YES;
				CLANG_WARN_CONSTANT_CONVERSION = YES;
				CLANG_WARN_DEPRECATED_OBJC_IMPLEMENTATIONS = YES;
				CLANG_WARN_DIRECT_OBJC_ISA_USAGE = YES_ERROR;
				CLANG_WARN_DOCUMENTATION_COMMENTS = YES;
				CLANG_WARN_EMPTY_BODY = YES;
				CLANG_WARN_ENUM_CONVERSION = YES;
				CLANG_WARN_INFINITE_RECURSION = YES;
				CLANG_WARN_INT_CONVERSION = YES;
				CLANG_WARN_NON_LITERAL_NULL_CONVERSION = YES;
				CLANG_WARN_OBJC_IMPLICIT_RETAIN_SELF = YES;
				CLANG_WARN_OBJC_LITERAL_CONVERSION = YES;
				CLANG_WARN_OBJC_ROOT_CLASS = YES_ERROR;
				CLANG_WARN_RANGE_LOOP_ANALYSIS = YES;
				CLANG_WARN_STRICT_PROTOTYPES = YES;
				CLANG_WARN_SUSPICIOUS_MOVE = YES;
				CLANG_WARN_UNGUARDED_AVAILABILITY = YES_AGGRESSIVE;
				CLANG_WARN_UNREACHABLE_CODE = YES;
				CLANG_WARN__DUPLICATE_METHOD_MATCH = YES;
				CODE_SIGN_IDENTITY = "iPhone Developer";
				COPY_PHASE_STRIP = NO;
				DEBUG_INFORMATION_FORMAT = "dwarf-with-dsym";
				ENABLE_NS_ASSERTIONS = NO;
				ENABLE_STRICT_OBJC_MSGSEND = YES;
				GCC_C_LANGUAGE_STANDARD = gnu11;
				GCC_NO_COMMON_BLOCKS = YES;
				GCC_WARN_64_TO_32_BIT_CONVERSION = YES;
				GCC_WARN_ABOUT_RETURN_TYPE = YES_ERROR;
				GCC_WARN_UNDECLARED_SELECTOR = YES;
				GCC_WARN_UNINITIALIZED_AUTOS = YES_AGGRESSIVE;
				GCC_WARN_UNUSED_FUNCTION = YES;
				GCC_WARN_UNUSED_VARIABLE = YES;
				IPHONEOS_DEPLOYMENT_TARGET = 12.1;
				MTL_ENABLE_DEBUG_INFO = NO;
				MTL_FAST_MATH = YES;
				SDKROOT = iphoneos;
				SWIFT_COMPILATION_MODE = wholemodule;
				SWIFT_OPTIMIZATION_LEVEL = "-O";
				VALIDATE_PRODUCT = YES;
			};
			name = Release;
		};
		11FC4520222E0A9B0048D683 /* Debug */ = {
			isa = XCBuildConfiguration;
			baseConfigurationReference = CD391CA81B90836DBC247460 /* Pods-sQRe.debug.xcconfig */;
			buildSettings = {
				ALWAYS_EMBED_SWIFT_STANDARD_LIBRARIES = YES;
				ASSETCATALOG_COMPILER_APPICON_NAME = AppIcon;
				CODE_SIGN_ENTITLEMENTS = sQRe/sQRe.entitlements;
				CODE_SIGN_STYLE = Automatic;
				DEVELOPMENT_TEAM = PR8DT89255;
				INFOPLIST_FILE = sQRe/Info.plist;
				IPHONEOS_DEPLOYMENT_TARGET = 13.0;
				LD_RUNPATH_SEARCH_PATHS = (
					"$(inherited)",
					"@executable_path/Frameworks",
				);
				PRODUCT_BUNDLE_IDENTIFIER = nneeranjun.sQRe;
				PRODUCT_NAME = "$(TARGET_NAME)";
				SWIFT_VERSION = 4.2;
				TARGETED_DEVICE_FAMILY = "1,2";
			};
			name = Debug;
		};
		11FC4521222E0A9B0048D683 /* Release */ = {
			isa = XCBuildConfiguration;
			baseConfigurationReference = 7DEF8BC00FA27871DA8FE3F1 /* Pods-sQRe.release.xcconfig */;
			buildSettings = {
				ALWAYS_EMBED_SWIFT_STANDARD_LIBRARIES = YES;
				ASSETCATALOG_COMPILER_APPICON_NAME = AppIcon;
				CODE_SIGN_ENTITLEMENTS = sQRe/sQRe.entitlements;
				CODE_SIGN_STYLE = Automatic;
				DEVELOPMENT_TEAM = PR8DT89255;
				INFOPLIST_FILE = sQRe/Info.plist;
				IPHONEOS_DEPLOYMENT_TARGET = 13.0;
				LD_RUNPATH_SEARCH_PATHS = (
					"$(inherited)",
					"@executable_path/Frameworks",
				);
				PRODUCT_BUNDLE_IDENTIFIER = nneeranjun.sQRe;
				PRODUCT_NAME = "$(TARGET_NAME)";
				SWIFT_VERSION = 4.2;
				TARGETED_DEVICE_FAMILY = "1,2";
			};
			name = Release;
		};
		11FC4523222E0A9B0048D683 /* Debug */ = {
			isa = XCBuildConfiguration;
			baseConfigurationReference = 4EBA8BBA6C2824F94D826D87 /* Pods-sQReTests.debug.xcconfig */;
			buildSettings = {
				ALWAYS_EMBED_SWIFT_STANDARD_LIBRARIES = YES;
				BUNDLE_LOADER = "$(TEST_HOST)";
				CODE_SIGN_STYLE = Automatic;
				INFOPLIST_FILE = sQReTests/Info.plist;
				LD_RUNPATH_SEARCH_PATHS = (
					"$(inherited)",
					"@executable_path/Frameworks",
					"@loader_path/Frameworks",
				);
				PRODUCT_BUNDLE_IDENTIFIER = nneeranjun.sQReTests;
				PRODUCT_NAME = "$(TARGET_NAME)";
				SWIFT_VERSION = 4.2;
				TARGETED_DEVICE_FAMILY = "1,2";
				TEST_HOST = "$(BUILT_PRODUCTS_DIR)/sQRe.app/sQRe";
			};
			name = Debug;
		};
		11FC4524222E0A9B0048D683 /* Release */ = {
			isa = XCBuildConfiguration;
			baseConfigurationReference = C81C8F9787815462E84A7C8F /* Pods-sQReTests.release.xcconfig */;
			buildSettings = {
				ALWAYS_EMBED_SWIFT_STANDARD_LIBRARIES = YES;
				BUNDLE_LOADER = "$(TEST_HOST)";
				CODE_SIGN_STYLE = Automatic;
				INFOPLIST_FILE = sQReTests/Info.plist;
				LD_RUNPATH_SEARCH_PATHS = (
					"$(inherited)",
					"@executable_path/Frameworks",
					"@loader_path/Frameworks",
				);
				PRODUCT_BUNDLE_IDENTIFIER = nneeranjun.sQReTests;
				PRODUCT_NAME = "$(TARGET_NAME)";
				SWIFT_VERSION = 4.2;
				TARGETED_DEVICE_FAMILY = "1,2";
				TEST_HOST = "$(BUILT_PRODUCTS_DIR)/sQRe.app/sQRe";
			};
			name = Release;
		};
		11FC4526222E0A9B0048D683 /* Debug */ = {
			isa = XCBuildConfiguration;
			baseConfigurationReference = A079991FBDD16DECF5BC34DB /* Pods-sQRe-sQReUITests.debug.xcconfig */;
			buildSettings = {
				ALWAYS_EMBED_SWIFT_STANDARD_LIBRARIES = YES;
				CODE_SIGN_STYLE = Automatic;
				INFOPLIST_FILE = sQReUITests/Info.plist;
				LD_RUNPATH_SEARCH_PATHS = (
					"$(inherited)",
					"@executable_path/Frameworks",
					"@loader_path/Frameworks",
				);
				PRODUCT_BUNDLE_IDENTIFIER = nneeranjun.sQReUITests;
				PRODUCT_NAME = "$(TARGET_NAME)";
				SWIFT_VERSION = 4.2;
				TARGETED_DEVICE_FAMILY = "1,2";
				TEST_TARGET_NAME = sQRe;
			};
			name = Debug;
		};
		11FC4527222E0A9B0048D683 /* Release */ = {
			isa = XCBuildConfiguration;
			baseConfigurationReference = F3945B2252D96D0CEF361FA2 /* Pods-sQRe-sQReUITests.release.xcconfig */;
			buildSettings = {
				ALWAYS_EMBED_SWIFT_STANDARD_LIBRARIES = YES;
				CODE_SIGN_STYLE = Automatic;
				INFOPLIST_FILE = sQReUITests/Info.plist;
				LD_RUNPATH_SEARCH_PATHS = (
					"$(inherited)",
					"@executable_path/Frameworks",
					"@loader_path/Frameworks",
				);
				PRODUCT_BUNDLE_IDENTIFIER = nneeranjun.sQReUITests;
				PRODUCT_NAME = "$(TARGET_NAME)";
				SWIFT_VERSION = 4.2;
				TARGETED_DEVICE_FAMILY = "1,2";
				TEST_TARGET_NAME = sQRe;
			};
			name = Release;
		};
/* End XCBuildConfiguration section */

/* Begin XCConfigurationList section */
		11FC44F2222E0A990048D683 /* Build configuration list for PBXProject "sQRe" */ = {
			isa = XCConfigurationList;
			buildConfigurations = (
				11FC451D222E0A9B0048D683 /* Debug */,
				11FC451E222E0A9B0048D683 /* Release */,
			);
			defaultConfigurationIsVisible = 0;
			defaultConfigurationName = Release;
		};
		11FC451F222E0A9B0048D683 /* Build configuration list for PBXNativeTarget "sQRe" */ = {
			isa = XCConfigurationList;
			buildConfigurations = (
				11FC4520222E0A9B0048D683 /* Debug */,
				11FC4521222E0A9B0048D683 /* Release */,
			);
			defaultConfigurationIsVisible = 0;
			defaultConfigurationName = Release;
		};
		11FC4522222E0A9B0048D683 /* Build configuration list for PBXNativeTarget "sQReTests" */ = {
			isa = XCConfigurationList;
			buildConfigurations = (
				11FC4523222E0A9B0048D683 /* Debug */,
				11FC4524222E0A9B0048D683 /* Release */,
			);
			defaultConfigurationIsVisible = 0;
			defaultConfigurationName = Release;
		};
		11FC4525222E0A9B0048D683 /* Build configuration list for PBXNativeTarget "sQReUITests" */ = {
			isa = XCConfigurationList;
			buildConfigurations = (
				11FC4526222E0A9B0048D683 /* Debug */,
				11FC4527222E0A9B0048D683 /* Release */,
			);
			defaultConfigurationIsVisible = 0;
			defaultConfigurationName = Release;
		};
/* End XCConfigurationList section */

/* Begin XCRemoteSwiftPackageReference section */
		1145271A24513D3D00CACF0B /* XCRemoteSwiftPackageReference "facebook-ios-sdk" */ = {
			isa = XCRemoteSwiftPackageReference;
			repositoryURL = "https://github.com/facebook/facebook-ios-sdk";
			requirement = {
				kind = upToNextMajorVersion;
				minimumVersion = 6.5.0;
			};
		};
/* End XCRemoteSwiftPackageReference section */

/* Begin XCSwiftPackageProductDependency section */
		1145271B24513D3D00CACF0B /* FacebookLogin */ = {
			isa = XCSwiftPackageProductDependency;
			package = 1145271A24513D3D00CACF0B /* XCRemoteSwiftPackageReference "facebook-ios-sdk" */;
			productName = FacebookLogin;
		};
		1145271D24513D3D00CACF0B /* FacebookCore */ = {
			isa = XCSwiftPackageProductDependency;
			package = 1145271A24513D3D00CACF0B /* XCRemoteSwiftPackageReference "facebook-ios-sdk" */;
			productName = FacebookCore;
		};
/* End XCSwiftPackageProductDependency section */
	};
	rootObject = 11FC44EF222E0A990048D683 /* Project object */;
}
